
Microsoft Visual Studio Solution File, Format Version 12.00
# Visual Studio Version 17
VisualStudioVersion = 17.11.35312.102
MinimumVisualStudioVersion = 10.0.40219.1
Project("{FAE04EC0-301F-11D3-BF4B-00C04F79EFBC}") = "QA_Camera_Auto_Label", "WinFormsApp1\QA_Camera_Auto_Label.csproj", "{396B5412-45A6-42D4-8EE9-C43BD74727FF}"
EndProject
Global
	GlobalSection(SolutionConfigurationPlatforms) = preSolution
		Debug|Any CPU = Debug|Any CPU
		Release|Any CPU = Release|Any CPU
	EndGlobalSection
	GlobalSection(ProjectConfigurationPlatforms) = postSolution
		{396B5412-45A6-42D4-8EE9-C43BD74727FF}.Debug|Any CPU.ActiveCfg = Debug|Any CPU
		{396B5412-45A6-42D4-8EE9-C43BD74727FF}.Debug|Any CPU.Build.0 = Debug|Any CPU
		{396B5412-45A6-42D4-8EE9-C43BD74727FF}.Release|Any CPU.ActiveCfg = Release|Any CPU
		{396B5412-45A6-42D4-8EE9-C43BD74727FF}.Release|Any CPU.Build.0 = Release|Any CPU
	EndGlobalSection
	GlobalSection(SolutionProperties) = preSolution
		HideSolutionNode = FALSE
	EndGlobalSection
	GlobalSection(ExtensibilityGlobals) = postSolution
		SolutionGuid = {20DADCE3-1F04-4FD0-B14D-A2B5C0CD6605}
	EndGlobalSection
EndGlobal
